// !$*UTF8*$!
{
	archiveVersion = 1;
	classes = {
	};
	objectVersion = 56;
	objects = {

/* Begin PBXBuildFile section */
		0E1ABAAC2B7AAEA1000D8194 /* AppDelegate.swift in Sources */ = {isa = PBXBuildFile; fileRef = 0E1ABAAB2B7AAEA1000D8194 /* AppDelegate.swift */; };
		0E1ABAAE2B7AAEA1000D8194 /* SceneDelegate.swift in Sources */ = {isa = PBXBuildFile; fileRef = 0E1ABAAD2B7AAEA1000D8194 /* SceneDelegate.swift */; };
		0E1ABAB02B7AAEA1000D8194 /* ViewController.swift in Sources */ = {isa = PBXBuildFile; fileRef = 0E1ABAAF2B7AAEA1000D8194 /* ViewController.swift */; };
		0E1ABAB32B7AAEA1000D8194 /* Main.storyboard in Resources */ = {isa = PBXBuildFile; fileRef = 0E1ABAB12B7AAEA1000D8194 /* Main.storyboard */; };
		0E1ABAB52B7AAEA3000D8194 /* Assets.xcassets in Resources */ = {isa = PBXBuildFile; fileRef = 0E1ABAB42B7AAEA3000D8194 /* Assets.xcassets */; };
		0E1ABAB82B7AAEA3000D8194 /* LaunchScreen.storyboard in Resources */ = {isa = PBXBuildFile; fileRef = 0E1ABAB62B7AAEA3000D8194 /* LaunchScreen.storyboard */; };
		0E1ABAC82B7AB04D000D8194 /* Colors.swift in Sources */ = {isa = PBXBuildFile; fileRef = 0E1ABAC12B7AB04D000D8194 /* Colors.swift */; };
		0E1ABAC92B7AB04D000D8194 /* Utils.swift in Sources */ = {isa = PBXBuildFile; fileRef = 0E1ABAC22B7AB04D000D8194 /* Utils.swift */; };
		0E1ABACA2B7AB04D000D8194 /* DashboardViewController.swift in Sources */ = {isa = PBXBuildFile; fileRef = 0E1ABAC42B7AB04D000D8194 /* DashboardViewController.swift */; };
		0E1ABACB2B7AB04D000D8194 /* DashboardTableViewCell.swift in Sources */ = {isa = PBXBuildFile; fileRef = 0E1ABAC52B7AB04D000D8194 /* DashboardTableViewCell.swift */; };
		0E1ABACC2B7AB04D000D8194 /* DashboardTableViewCell.xib in Resources */ = {isa = PBXBuildFile; fileRef = 0E1ABAC62B7AB04D000D8194 /* DashboardTableViewCell.xib */; };
		0E1ABACD2B7AB04D000D8194 /* Dashboard.storyboard in Resources */ = {isa = PBXBuildFile; fileRef = 0E1ABAC72B7AB04D000D8194 /* Dashboard.storyboard */; };
		0E1ABAD32B7AB08F000D8194 /* CameraTableViewCell.swift in Sources */ = {isa = PBXBuildFile; fileRef = 0E1ABACF2B7AB08F000D8194 /* CameraTableViewCell.swift */; };
		0E1ABAD42B7AB08F000D8194 /* AddIssue.storyboard in Resources */ = {isa = PBXBuildFile; fileRef = 0E1ABAD02B7AB08F000D8194 /* AddIssue.storyboard */; };
		0E1ABAD52B7AB08F000D8194 /* AddIssueViewController.swift in Sources */ = {isa = PBXBuildFile; fileRef = 0E1ABAD12B7AB08F000D8194 /* AddIssueViewController.swift */; };
		0E1ABAD62B7AB08F000D8194 /* CameraTableViewCell.xib in Resources */ = {isa = PBXBuildFile; fileRef = 0E1ABAD22B7AB08F000D8194 /* CameraTableViewCell.xib */; };
		0E4646152B7F1A3A006DD633 /* BuildingsModel.swift in Sources */ = {isa = PBXBuildFile; fileRef = 0E4646142B7F1A3A006DD633 /* BuildingsModel.swift */; };
		0E80364E2B8155FB009CC18F /* WelcomeViewController.swift in Sources */ = {isa = PBXBuildFile; fileRef = 0E80364D2B8155FB009CC18F /* WelcomeViewController.swift */; };
		0E8036502B82891D009CC18F /* GoogleService-Info.plist in Resources */ = {isa = PBXBuildFile; fileRef = 0E80364F2B82891D009CC18F /* GoogleService-Info.plist */; };
		0E8036522B82AFBA009CC18F /* FIRUser.swift in Sources */ = {isa = PBXBuildFile; fileRef = 0E8036512B82AFBA009CC18F /* FIRUser.swift */; };
		0EFEC8582B80059E009CFD49 /* AdminDBViewController.swift in Sources */ = {isa = PBXBuildFile; fileRef = 0EFEC8572B80059E009CFD49 /* AdminDBViewController.swift */; };
		0EFEC85B2B8005D3009CFD49 /* AdminDBTableViewCell.swift in Sources */ = {isa = PBXBuildFile; fileRef = 0EFEC8592B8005D3009CFD49 /* AdminDBTableViewCell.swift */; };
		0EFEC85C2B8005D3009CFD49 /* AdminDBTableViewCell.xib in Resources */ = {isa = PBXBuildFile; fileRef = 0EFEC85A2B8005D3009CFD49 /* AdminDBTableViewCell.xib */; };
		BA2C7FD232DD2A02E9106BDF /* Pods_MaintainMate.framework in Frameworks */ = {isa = PBXBuildFile; fileRef = 0F14C71B8BEBF9F693C96B22 /* Pods_MaintainMate.framework */; };
/* End PBXBuildFile section */

/* Begin PBXFileReference section */
		0E1ABAA82B7AAEA1000D8194 /* MaintainMate.app */ = {isa = PBXFileReference; explicitFileType = wrapper.application; includeInIndex = 0; path = MaintainMate.app; sourceTree = BUILT_PRODUCTS_DIR; };
		0E1ABAAB2B7AAEA1000D8194 /* AppDelegate.swift */ = {isa = PBXFileReference; lastKnownFileType = sourcecode.swift; path = AppDelegate.swift; sourceTree = "<group>"; };
		0E1ABAAD2B7AAEA1000D8194 /* SceneDelegate.swift */ = {isa = PBXFileReference; lastKnownFileType = sourcecode.swift; path = SceneDelegate.swift; sourceTree = "<group>"; };
		0E1ABAAF2B7AAEA1000D8194 /* ViewController.swift */ = {isa = PBXFileReference; lastKnownFileType = sourcecode.swift; path = ViewController.swift; sourceTree = "<group>"; };
		0E1ABAB22B7AAEA1000D8194 /* Base */ = {isa = PBXFileReference; lastKnownFileType = file.storyboard; name = Base; path = Base.lproj/Main.storyboard; sourceTree = "<group>"; };
		0E1ABAB42B7AAEA3000D8194 /* Assets.xcassets */ = {isa = PBXFileReference; lastKnownFileType = folder.assetcatalog; path = Assets.xcassets; sourceTree = "<group>"; };
		0E1ABAB72B7AAEA3000D8194 /* Base */ = {isa = PBXFileReference; lastKnownFileType = file.storyboard; name = Base; path = Base.lproj/LaunchScreen.storyboard; sourceTree = "<group>"; };
		0E1ABAB92B7AAEA3000D8194 /* Info.plist */ = {isa = PBXFileReference; lastKnownFileType = text.plist.xml; path = Info.plist; sourceTree = "<group>"; };
		0E1ABAC12B7AB04D000D8194 /* Colors.swift */ = {isa = PBXFileReference; fileEncoding = 4; lastKnownFileType = sourcecode.swift; path = Colors.swift; sourceTree = "<group>"; };
		0E1ABAC22B7AB04D000D8194 /* Utils.swift */ = {isa = PBXFileReference; fileEncoding = 4; lastKnownFileType = sourcecode.swift; path = Utils.swift; sourceTree = "<group>"; };
		0E1ABAC42B7AB04D000D8194 /* DashboardViewController.swift */ = {isa = PBXFileReference; fileEncoding = 4; lastKnownFileType = sourcecode.swift; path = DashboardViewController.swift; sourceTree = "<group>"; };
		0E1ABAC52B7AB04D000D8194 /* DashboardTableViewCell.swift */ = {isa = PBXFileReference; fileEncoding = 4; lastKnownFileType = sourcecode.swift; path = DashboardTableViewCell.swift; sourceTree = "<group>"; };
		0E1ABAC62B7AB04D000D8194 /* DashboardTableViewCell.xib */ = {isa = PBXFileReference; fileEncoding = 4; lastKnownFileType = file.xib; path = DashboardTableViewCell.xib; sourceTree = "<group>"; };
		0E1ABAC72B7AB04D000D8194 /* Dashboard.storyboard */ = {isa = PBXFileReference; fileEncoding = 4; lastKnownFileType = file.storyboard; path = Dashboard.storyboard; sourceTree = "<group>"; };
		0E1ABACF2B7AB08F000D8194 /* CameraTableViewCell.swift */ = {isa = PBXFileReference; fileEncoding = 4; lastKnownFileType = sourcecode.swift; path = CameraTableViewCell.swift; sourceTree = "<group>"; };
		0E1ABAD02B7AB08F000D8194 /* AddIssue.storyboard */ = {isa = PBXFileReference; fileEncoding = 4; lastKnownFileType = file.storyboard; path = AddIssue.storyboard; sourceTree = "<group>"; };
		0E1ABAD12B7AB08F000D8194 /* AddIssueViewController.swift */ = {isa = PBXFileReference; fileEncoding = 4; lastKnownFileType = sourcecode.swift; path = AddIssueViewController.swift; sourceTree = "<group>"; };
		0E1ABAD22B7AB08F000D8194 /* CameraTableViewCell.xib */ = {isa = PBXFileReference; fileEncoding = 4; lastKnownFileType = file.xib; path = CameraTableViewCell.xib; sourceTree = "<group>"; };
		0E4646142B7F1A3A006DD633 /* BuildingsModel.swift */ = {isa = PBXFileReference; lastKnownFileType = sourcecode.swift; path = BuildingsModel.swift; sourceTree = "<group>"; };
		0E80364D2B8155FB009CC18F /* WelcomeViewController.swift */ = {isa = PBXFileReference; lastKnownFileType = sourcecode.swift; path = WelcomeViewController.swift; sourceTree = "<group>"; };
		0E80364F2B82891D009CC18F /* GoogleService-Info.plist */ = {isa = PBXFileReference; fileEncoding = 4; lastKnownFileType = text.plist.xml; path = "GoogleService-Info.plist"; sourceTree = "<group>"; };
		0E8036512B82AFBA009CC18F /* FIRUser.swift */ = {isa = PBXFileReference; lastKnownFileType = sourcecode.swift; path = FIRUser.swift; sourceTree = "<group>"; };
		0EFEC8572B80059E009CFD49 /* AdminDBViewController.swift */ = {isa = PBXFileReference; lastKnownFileType = sourcecode.swift; path = AdminDBViewController.swift; sourceTree = "<group>"; };
		0EFEC8592B8005D3009CFD49 /* AdminDBTableViewCell.swift */ = {isa = PBXFileReference; lastKnownFileType = sourcecode.swift; path = AdminDBTableViewCell.swift; sourceTree = "<group>"; };
		0EFEC85A2B8005D3009CFD49 /* AdminDBTableViewCell.xib */ = {isa = PBXFileReference; lastKnownFileType = file.xib; path = AdminDBTableViewCell.xib; sourceTree = "<group>"; };
		0F14C71B8BEBF9F693C96B22 /* Pods_MaintainMate.framework */ = {isa = PBXFileReference; explicitFileType = wrapper.framework; includeInIndex = 0; path = Pods_MaintainMate.framework; sourceTree = BUILT_PRODUCTS_DIR; };
		13B2A863BC274DBF4FC8DCBE /* Pods-MaintainMate.release.xcconfig */ = {isa = PBXFileReference; includeInIndex = 1; lastKnownFileType = text.xcconfig; name = "Pods-MaintainMate.release.xcconfig"; path = "Target Support Files/Pods-MaintainMate/Pods-MaintainMate.release.xcconfig"; sourceTree = "<group>"; };
		E8E0AD8540FDFCD802087A11 /* Pods-MaintainMate.debug.xcconfig */ = {isa = PBXFileReference; includeInIndex = 1; lastKnownFileType = text.xcconfig; name = "Pods-MaintainMate.debug.xcconfig"; path = "Target Support Files/Pods-MaintainMate/Pods-MaintainMate.debug.xcconfig"; sourceTree = "<group>"; };
/* End PBXFileReference section */

/* Begin PBXFrameworksBuildPhase section */
		0E1ABAA52B7AAEA1000D8194 /* Frameworks */ = {
			isa = PBXFrameworksBuildPhase;
			buildActionMask = 2147483647;
			files = (
				BA2C7FD232DD2A02E9106BDF /* Pods_MaintainMate.framework in Frameworks */,
			);
			runOnlyForDeploymentPostprocessing = 0;
		};
/* End PBXFrameworksBuildPhase section */

/* Begin PBXGroup section */
		0E1ABA9F2B7AAEA1000D8194 = {
			isa = PBXGroup;
			children = (
				0E1ABAAA2B7AAEA1000D8194 /* MaintainMate */,
				0E1ABAA92B7AAEA1000D8194 /* Products */,
				825C606435E81D1017B2E9BF /* Pods */,
				80A42D01B6C34345F573EAB1 /* Frameworks */,
			);
			sourceTree = "<group>";
		};
		0E1ABAA92B7AAEA1000D8194 /* Products */ = {
			isa = PBXGroup;
			children = (
				0E1ABAA82B7AAEA1000D8194 /* MaintainMate.app */,
			);
			name = Products;
			sourceTree = "<group>";
		};
		0E1ABAAA2B7AAEA1000D8194 /* MaintainMate */ = {
			isa = PBXGroup;
			children = (
				0E4646162B7F260B006DD633 /* Register Login */,
				0E4646132B7F1A26006DD633 /* Models */,
				0E1ABACE2B7AB08F000D8194 /* Add Issue */,
				0E1ABABF2B7AB04D000D8194 /* Common */,
				0E1ABAC32B7AB04D000D8194 /* Dashboard */,
				0E1ABAAB2B7AAEA1000D8194 /* AppDelegate.swift */,
				0E1ABAAD2B7AAEA1000D8194 /* SceneDelegate.swift */,
				0E1ABAB42B7AAEA3000D8194 /* Assets.xcassets */,
				0E1ABAB62B7AAEA3000D8194 /* LaunchScreen.storyboard */,
				0E80364F2B82891D009CC18F /* GoogleService-Info.plist */,
				0E1ABAB92B7AAEA3000D8194 /* Info.plist */,
			);
			path = MaintainMate;
			sourceTree = "<group>";
		};
		0E1ABABF2B7AB04D000D8194 /* Common */ = {
			isa = PBXGroup;
			children = (
				0E1ABAC02B7AB04D000D8194 /* Colors */,
				0E1ABAC22B7AB04D000D8194 /* Utils.swift */,
			);
			path = Common;
			sourceTree = "<group>";
		};
		0E1ABAC02B7AB04D000D8194 /* Colors */ = {
			isa = PBXGroup;
			children = (
				0E1ABAC12B7AB04D000D8194 /* Colors.swift */,
			);
			path = Colors;
			sourceTree = "<group>";
		};
		0E1ABAC32B7AB04D000D8194 /* Dashboard */ = {
			isa = PBXGroup;
			children = (
				0E1ABAC42B7AB04D000D8194 /* DashboardViewController.swift */,
				0E1ABAC52B7AB04D000D8194 /* DashboardTableViewCell.swift */,
				0E1ABAC62B7AB04D000D8194 /* DashboardTableViewCell.xib */,
				0E1ABAC72B7AB04D000D8194 /* Dashboard.storyboard */,
				0EFEC8572B80059E009CFD49 /* AdminDBViewController.swift */,
				0EFEC8592B8005D3009CFD49 /* AdminDBTableViewCell.swift */,
				0EFEC85A2B8005D3009CFD49 /* AdminDBTableViewCell.xib */,
				0E80364D2B8155FB009CC18F /* WelcomeViewController.swift */,
			);
			path = Dashboard;
			sourceTree = "<group>";
		};
		0E1ABACE2B7AB08F000D8194 /* Add Issue */ = {
			isa = PBXGroup;
			children = (
				0E1ABACF2B7AB08F000D8194 /* CameraTableViewCell.swift */,
				0E1ABAD02B7AB08F000D8194 /* AddIssue.storyboard */,
				0E1ABAD12B7AB08F000D8194 /* AddIssueViewController.swift */,
				0E1ABAD22B7AB08F000D8194 /* CameraTableViewCell.xib */,
			);
			path = "Add Issue";
			sourceTree = "<group>";
		};
		0E4646132B7F1A26006DD633 /* Models */ = {
			isa = PBXGroup;
			children = (
				0E4646142B7F1A3A006DD633 /* BuildingsModel.swift */,
				0E8036512B82AFBA009CC18F /* FIRUser.swift */,
			);
			path = Models;
			sourceTree = "<group>";
		};
		0E4646162B7F260B006DD633 /* Register Login */ = {
			isa = PBXGroup;
			children = (
				0E1ABAAF2B7AAEA1000D8194 /* ViewController.swift */,
				0E1ABAB12B7AAEA1000D8194 /* Main.storyboard */,
			);
			path = "Register Login";
			sourceTree = "<group>";
		};
		80A42D01B6C34345F573EAB1 /* Frameworks */ = {
			isa = PBXGroup;
			children = (
				0F14C71B8BEBF9F693C96B22 /* Pods_MaintainMate.framework */,
			);
			name = Frameworks;
			sourceTree = "<group>";
		};
		825C606435E81D1017B2E9BF /* Pods */ = {
			isa = PBXGroup;
			children = (
				E8E0AD8540FDFCD802087A11 /* Pods-MaintainMate.debug.xcconfig */,
				13B2A863BC274DBF4FC8DCBE /* Pods-MaintainMate.release.xcconfig */,
			);
			path = Pods;
			sourceTree = "<group>";
		};
/* End PBXGroup section */

/* Begin PBXNativeTarget section */
		0E1ABAA72B7AAEA1000D8194 /* MaintainMate */ = {
			isa = PBXNativeTarget;
			buildConfigurationList = 0E1ABABC2B7AAEA3000D8194 /* Build configuration list for PBXNativeTarget "MaintainMate" */;
			buildPhases = (
				8C86FEC5C0CBCF8E753D9D2E /* [CP] Check Pods Manifest.lock */,
				0E1ABAA42B7AAEA1000D8194 /* Sources */,
				0E1ABAA52B7AAEA1000D8194 /* Frameworks */,
				0E1ABAA62B7AAEA1000D8194 /* Resources */,
				922E07730307E4B353B23D4F /* [CP] Embed Pods Frameworks */,
			);
			buildRules = (
			);
			dependencies = (
			);
			name = MaintainMate;
			productName = MaintainMate;
			productReference = 0E1ABAA82B7AAEA1000D8194 /* MaintainMate.app */;
			productType = "com.apple.product-type.application";
		};
/* End PBXNativeTarget section */

/* Begin PBXProject section */
		0E1ABAA02B7AAEA1000D8194 /* Project object */ = {
			isa = PBXProject;
			attributes = {
				BuildIndependentTargetsInParallel = 1;
				LastSwiftUpdateCheck = 1500;
				LastUpgradeCheck = 1500;
				TargetAttributes = {
					0E1ABAA72B7AAEA1000D8194 = {
						CreatedOnToolsVersion = 15.0;
					};
				};
			};
			buildConfigurationList = 0E1ABAA32B7AAEA1000D8194 /* Build configuration list for PBXProject "MaintainMate" */;
			compatibilityVersion = "Xcode 14.0";
			developmentRegion = en;
			hasScannedForEncodings = 0;
			knownRegions = (
				en,
				Base,
			);
			mainGroup = 0E1ABA9F2B7AAEA1000D8194;
			productRefGroup = 0E1ABAA92B7AAEA1000D8194 /* Products */;
			projectDirPath = "";
			projectRoot = "";
			targets = (
				0E1ABAA72B7AAEA1000D8194 /* MaintainMate */,
			);
		};
/* End PBXProject section */

/* Begin PBXResourcesBuildPhase section */
		0E1ABAA62B7AAEA1000D8194 /* Resources */ = {
			isa = PBXResourcesBuildPhase;
			buildActionMask = 2147483647;
			files = (
				0E1ABAD42B7AB08F000D8194 /* AddIssue.storyboard in Resources */,
				0E8036502B82891D009CC18F /* GoogleService-Info.plist in Resources */,
				0E1ABAB82B7AAEA3000D8194 /* LaunchScreen.storyboard in Resources */,
				0E1ABAD62B7AB08F000D8194 /* CameraTableViewCell.xib in Resources */,
				0E1ABACD2B7AB04D000D8194 /* Dashboard.storyboard in Resources */,
				0E1ABAB52B7AAEA3000D8194 /* Assets.xcassets in Resources */,
				0E1ABACC2B7AB04D000D8194 /* DashboardTableViewCell.xib in Resources */,
				0EFEC85C2B8005D3009CFD49 /* AdminDBTableViewCell.xib in Resources */,
				0E1ABAB32B7AAEA1000D8194 /* Main.storyboard in Resources */,
			);
			runOnlyForDeploymentPostprocessing = 0;
		};
/* End PBXResourcesBuildPhase section */

/* Begin PBXShellScriptBuildPhase section */
		8C86FEC5C0CBCF8E753D9D2E /* [CP] Check Pods Manifest.lock */ = {
			isa = PBXShellScriptBuildPhase;
			buildActionMask = 2147483647;
			files = (
			);
			inputFileListPaths = (
			);
			inputPaths = (
				"${PODS_PODFILE_DIR_PATH}/Podfile.lock",
				"${PODS_ROOT}/Manifest.lock",
			);
			name = "[CP] Check Pods Manifest.lock";
			outputFileListPaths = (
			);
			outputPaths = (
				"$(DERIVED_FILE_DIR)/Pods-MaintainMate-checkManifestLockResult.txt",
			);
			runOnlyForDeploymentPostprocessing = 0;
			shellPath = /bin/sh;
			shellScript = "diff \"${PODS_PODFILE_DIR_PATH}/Podfile.lock\" \"${PODS_ROOT}/Manifest.lock\" > /dev/null\nif [ $? != 0 ] ; then\n    # print error to STDERR\n    echo \"error: The sandbox is not in sync with the Podfile.lock. Run 'pod install' or update your CocoaPods installation.\" >&2\n    exit 1\nfi\n# This output is used by Xcode 'outputs' to avoid re-running this script phase.\necho \"SUCCESS\" > \"${SCRIPT_OUTPUT_FILE_0}\"\n";
			showEnvVarsInLog = 0;
		};
		922E07730307E4B353B23D4F /* [CP] Embed Pods Frameworks */ = {
			isa = PBXShellScriptBuildPhase;
			buildActionMask = 2147483647;
			files = (
			);
			inputFileListPaths = (
				"${PODS_ROOT}/Target Support Files/Pods-MaintainMate/Pods-MaintainMate-frameworks-${CONFIGURATION}-input-files.xcfilelist",
			);
			name = "[CP] Embed Pods Frameworks";
			outputFileListPaths = (
				"${PODS_ROOT}/Target Support Files/Pods-MaintainMate/Pods-MaintainMate-frameworks-${CONFIGURATION}-output-files.xcfilelist",
			);
			runOnlyForDeploymentPostprocessing = 0;
			shellPath = /bin/sh;
			shellScript = "\"${PODS_ROOT}/Target Support Files/Pods-MaintainMate/Pods-MaintainMate-frameworks.sh\"\n";
			showEnvVarsInLog = 0;
		};
/* End PBXShellScriptBuildPhase section */

/* Begin PBXSourcesBuildPhase section */
		0E1ABAA42B7AAEA1000D8194 /* Sources */ = {
			isa = PBXSourcesBuildPhase;
			buildActionMask = 2147483647;
			files = (
				0E1ABAD32B7AB08F000D8194 /* CameraTableViewCell.swift in Sources */,
				0E4646152B7F1A3A006DD633 /* BuildingsModel.swift in Sources */,
				0E1ABAC92B7AB04D000D8194 /* Utils.swift in Sources */,
				0EFEC85B2B8005D3009CFD49 /* AdminDBTableViewCell.swift in Sources */,
				0E1ABACA2B7AB04D000D8194 /* DashboardViewController.swift in Sources */,
				0E1ABAB02B7AAEA1000D8194 /* ViewController.swift in Sources */,
				0E80364E2B8155FB009CC18F /* WelcomeViewController.swift in Sources */,
				0E1ABAC82B7AB04D000D8194 /* Colors.swift in Sources */,
				0E8036522B82AFBA009CC18F /* FIRUser.swift in Sources */,
				0EFEC8582B80059E009CFD49 /* AdminDBViewController.swift in Sources */,
				0E1ABAAC2B7AAEA1000D8194 /* AppDelegate.swift in Sources */,
				0E1ABAAE2B7AAEA1000D8194 /* SceneDelegate.swift in Sources */,
				0E1ABAD52B7AB08F000D8194 /* AddIssueViewController.swift in Sources */,
				0E1ABACB2B7AB04D000D8194 /* DashboardTableViewCell.swift in Sources */,
			);
			runOnlyForDeploymentPostprocessing = 0;
		};
/* End PBXSourcesBuildPhase section */

/* Begin PBXVariantGroup section */
		0E1ABAB12B7AAEA1000D8194 /* Main.storyboard */ = {
			isa = PBXVariantGroup;
			children = (
				0E1ABAB22B7AAEA1000D8194 /* Base */,
			);
			name = Main.storyboard;
			sourceTree = "<group>";
		};
		0E1ABAB62B7AAEA3000D8194 /* LaunchScreen.storyboard */ = {
			isa = PBXVariantGroup;
			children = (
				0E1ABAB72B7AAEA3000D8194 /* Base */,
			);
			name = LaunchScreen.storyboard;
			sourceTree = "<group>";
		};
/* End PBXVariantGroup section */

/* Begin XCBuildConfiguration section */
		0E1ABABA2B7AAEA3000D8194 /* Debug */ = {
			isa = XCBuildConfiguration;
			buildSettings = {
				ALWAYS_SEARCH_USER_PATHS = NO;
				ASSETCATALOG_COMPILER_GENERATE_SWIFT_ASSET_SYMBOL_EXTENSIONS = YES;
				CLANG_ANALYZER_NONNULL = YES;
				CLANG_ANALYZER_NUMBER_OBJECT_CONVERSION = YES_AGGRESSIVE;
				CLANG_CXX_LANGUAGE_STANDARD = "gnu++20";
				CLANG_ENABLE_MODULES = YES;
				CLANG_ENABLE_OBJC_ARC = YES;
				CLANG_ENABLE_OBJC_WEAK = YES;
				CLANG_WARN_BLOCK_CAPTURE_AUTORELEASING = YES;
				CLANG_WARN_BOOL_CONVERSION = YES;
				CLANG_WARN_COMMA = YES;
				CLANG_WARN_CONSTANT_CONVERSION = YES;
				CLANG_WARN_DEPRECATED_OBJC_IMPLEMENTATIONS = YES;
				CLANG_WARN_DIRECT_OBJC_ISA_USAGE = YES_ERROR;
				CLANG_WARN_DOCUMENTATION_COMMENTS = YES;
				CLANG_WARN_EMPTY_BODY = YES;
				CLANG_WARN_ENUM_CONVERSION = YES;
				CLANG_WARN_INFINITE_RECURSION = YES;
				CLANG_WARN_INT_CONVERSION = YES;
				CLANG_WARN_NON_LITERAL_NULL_CONVERSION = YES;
				CLANG_WARN_OBJC_IMPLICIT_RETAIN_SELF = YES;
				CLANG_WARN_OBJC_LITERAL_CONVERSION = YES;
				CLANG_WARN_OBJC_ROOT_CLASS = YES_ERROR;
				CLANG_WARN_QUOTED_INCLUDE_IN_FRAMEWORK_HEADER = YES;
				CLANG_WARN_RANGE_LOOP_ANALYSIS = YES;
				CLANG_WARN_STRICT_PROTOTYPES = YES;
				CLANG_WARN_SUSPICIOUS_MOVE = YES;
				CLANG_WARN_UNGUARDED_AVAILABILITY = YES_AGGRESSIVE;
				CLANG_WARN_UNREACHABLE_CODE = YES;
				CLANG_WARN__DUPLICATE_METHOD_MATCH = YES;
				COPY_PHASE_STRIP = NO;
				DEBUG_INFORMATION_FORMAT = dwarf;
				ENABLE_STRICT_OBJC_MSGSEND = YES;
				ENABLE_TESTABILITY = YES;
				ENABLE_USER_SCRIPT_SANDBOXING = YES;
				GCC_C_LANGUAGE_STANDARD = gnu17;
				GCC_DYNAMIC_NO_PIC = NO;
				GCC_NO_COMMON_BLOCKS = YES;
				GCC_OPTIMIZATION_LEVEL = 0;
				GCC_PREPROCESSOR_DEFINITIONS = (
					"DEBUG=1",
					"$(inherited)",
				);
				GCC_WARN_64_TO_32_BIT_CONVERSION = YES;
				GCC_WARN_ABOUT_RETURN_TYPE = YES_ERROR;
				GCC_WARN_UNDECLARED_SELECTOR = YES;
				GCC_WARN_UNINITIALIZED_AUTOS = YES_AGGRESSIVE;
				GCC_WARN_UNUSED_FUNCTION = YES;
				GCC_WARN_UNUSED_VARIABLE = YES;
				IPHONEOS_DEPLOYMENT_TARGET = 17.0;
				LOCALIZATION_PREFERS_STRING_CATALOGS = YES;
				MTL_ENABLE_DEBUG_INFO = INCLUDE_SOURCE;
				MTL_FAST_MATH = YES;
				ONLY_ACTIVE_ARCH = YES;
				SDKROOT = iphoneos;
				SWIFT_ACTIVE_COMPILATION_CONDITIONS = "DEBUG $(inherited)";
				SWIFT_OPTIMIZATION_LEVEL = "-Onone";
			};
			name = Debug;
		};
		0E1ABABB2B7AAEA3000D8194 /* Release */ = {
			isa = XCBuildConfiguration;
			buildSettings = {
				ALWAYS_SEARCH_USER_PATHS = NO;
				ASSETCATALOG_COMPILER_GENERATE_SWIFT_ASSET_SYMBOL_EXTENSIONS = YES;
				CLANG_ANALYZER_NONNULL = YES;
				CLANG_ANALYZER_NUMBER_OBJECT_CONVERSION = YES_AGGRESSIVE;
				CLANG_CXX_LANGUAGE_STANDARD = "gnu++20";
				CLANG_ENABLE_MODULES = YES;
				CLANG_ENABLE_OBJC_ARC = YES;
				CLANG_ENABLE_OBJC_WEAK = YES;
				CLANG_WARN_BLOCK_CAPTURE_AUTORELEASING = YES;
				CLANG_WARN_BOOL_CONVERSION = YES;
				CLANG_WARN_COMMA = YES;
				CLANG_WARN_CONSTANT_CONVERSION = YES;
				CLANG_WARN_DEPRECATED_OBJC_IMPLEMENTATIONS = YES;
				CLANG_WARN_DIRECT_OBJC_ISA_USAGE = YES_ERROR;
				CLANG_WARN_DOCUMENTATION_COMMENTS = YES;
				CLANG_WARN_EMPTY_BODY = YES;
				CLANG_WARN_ENUM_CONVERSION = YES;
				CLANG_WARN_INFINITE_RECURSION = YES;
				CLANG_WARN_INT_CONVERSION = YES;
				CLANG_WARN_NON_LITERAL_NULL_CONVERSION = YES;
				CLANG_WARN_OBJC_IMPLICIT_RETAIN_SELF = YES;
				CLANG_WARN_OBJC_LITERAL_CONVERSION = YES;
				CLANG_WARN_OBJC_ROOT_CLASS = YES_ERROR;
				CLANG_WARN_QUOTED_INCLUDE_IN_FRAMEWORK_HEADER = YES;
				CLANG_WARN_RANGE_LOOP_ANALYSIS = YES;
				CLANG_WARN_STRICT_PROTOTYPES = YES;
				CLANG_WARN_SUSPICIOUS_MOVE = YES;
				CLANG_WARN_UNGUARDED_AVAILABILITY = YES_AGGRESSIVE;
				CLANG_WARN_UNREACHABLE_CODE = YES;
				CLANG_WARN__DUPLICATE_METHOD_MATCH = YES;
				COPY_PHASE_STRIP = NO;
				DEBUG_INFORMATION_FORMAT = "dwarf-with-dsym";
				ENABLE_NS_ASSERTIONS = NO;
				ENABLE_STRICT_OBJC_MSGSEND = YES;
				ENABLE_USER_SCRIPT_SANDBOXING = YES;
				GCC_C_LANGUAGE_STANDARD = gnu17;
				GCC_NO_COMMON_BLOCKS = YES;
				GCC_WARN_64_TO_32_BIT_CONVERSION = YES;
				GCC_WARN_ABOUT_RETURN_TYPE = YES_ERROR;
				GCC_WARN_UNDECLARED_SELECTOR = YES;
				GCC_WARN_UNINITIALIZED_AUTOS = YES_AGGRESSIVE;
				GCC_WARN_UNUSED_FUNCTION = YES;
				GCC_WARN_UNUSED_VARIABLE = YES;
				IPHONEOS_DEPLOYMENT_TARGET = 17.0;
				LOCALIZATION_PREFERS_STRING_CATALOGS = YES;
				MTL_ENABLE_DEBUG_INFO = NO;
				MTL_FAST_MATH = YES;
				SDKROOT = iphoneos;
				SWIFT_COMPILATION_MODE = wholemodule;
				VALIDATE_PRODUCT = YES;
			};
			name = Release;
		};
		0E1ABABD2B7AAEA3000D8194 /* Debug */ = {
			isa = XCBuildConfiguration;
			baseConfigurationReference = E8E0AD8540FDFCD802087A11 /* Pods-MaintainMate.debug.xcconfig */;
			buildSettings = {
				ASSETCATALOG_COMPILER_APPICON_NAME = AppIcon;
				ASSETCATALOG_COMPILER_GLOBAL_ACCENT_COLOR_NAME = AccentColor;
				CODE_SIGN_STYLE = Automatic;
				CURRENT_PROJECT_VERSION = 1;
				DEVELOPMENT_TEAM = 85R4T7NRSX;
				ENABLE_USER_SCRIPT_SANDBOXING = NO;
				GENERATE_INFOPLIST_FILE = YES;
				INFOPLIST_FILE = MaintainMate/Info.plist;
				INFOPLIST_KEY_NSCameraUsageDescription = "Camera needs your permission!";
				INFOPLIST_KEY_UIApplicationSupportsIndirectInputEvents = YES;
				INFOPLIST_KEY_UILaunchStoryboardName = LaunchScreen;
				INFOPLIST_KEY_UIMainStoryboardFile = Main;
				INFOPLIST_KEY_UISupportedInterfaceOrientations_iPad = "UIInterfaceOrientationPortrait UIInterfaceOrientationPortraitUpsideDown UIInterfaceOrientationLandscapeLeft UIInterfaceOrientationLandscapeRight";
				INFOPLIST_KEY_UISupportedInterfaceOrientations_iPhone = "UIInterfaceOrientationPortrait UIInterfaceOrientationLandscapeLeft UIInterfaceOrientationLandscapeRight";
				INFOPLIST_KEY_UIUserInterfaceStyle = Light;
				LD_RUNPATH_SEARCH_PATHS = (
					"$(inherited)",
					"@executable_path/Frameworks",
				);
				MARKETING_VERSION = 1.0;
				PRODUCT_BUNDLE_IDENTIFIER = com.uncc.MaintainMate;
				PRODUCT_NAME = "$(TARGET_NAME)";
				SWIFT_EMIT_LOC_STRINGS = YES;
				SWIFT_VERSION = 5.0;
				TARGETED_DEVICE_FAMILY = "1,2";
			};
			name = Debug;
		};
		0E1ABABE2B7AAEA3000D8194 /* Release */ = {
			isa = XCBuildConfiguration;
			baseConfigurationReference = 13B2A863BC274DBF4FC8DCBE /* Pods-MaintainMate.release.xcconfig */;
			buildSettings = {
				ASSETCATALOG_COMPILER_APPICON_NAME = AppIcon;
				ASSETCATALOG_COMPILER_GLOBAL_ACCENT_COLOR_NAME = AccentColor;
				CODE_SIGN_STYLE = Automatic;
				CURRENT_PROJECT_VERSION = 1;
				DEVELOPMENT_TEAM = 85R4T7NRSX;
				ENABLE_USER_SCRIPT_SANDBOXING = NO;
				GENERATE_INFOPLIST_FILE = YES;
				INFOPLIST_FILE = MaintainMate/Info.plist;
				INFOPLIST_KEY_NSCameraUsageDescription = "Camera needs your permission!";
				INFOPLIST_KEY_UIApplicationSupportsIndirectInputEvents = YES;
				INFOPLIST_KEY_UILaunchStoryboardName = LaunchScreen;
				INFOPLIST_KEY_UIMainStoryboardFile = Main;
				INFOPLIST_KEY_UISupportedInterfaceOrientations_iPad = "UIInterfaceOrientationPortrait UIInterfaceOrientationPortraitUpsideDown UIInterfaceOrientationLandscapeLeft UIInterfaceOrientationLandscapeRight";
				INFOPLIST_KEY_UISupportedInterfaceOrientations_iPhone = "UIInterfaceOrientationPortrait UIInterfaceOrientationLandscapeLeft UIInterfaceOrientationLandscapeRight";
				INFOPLIST_KEY_UIUserInterfaceStyle = Light;
				LD_RUNPATH_SEARCH_PATHS = (
					"$(inherited)",
					"@executable_path/Frameworks",
				);
				MARKETING_VERSION = 1.0;
				PRODUCT_BUNDLE_IDENTIFIER = com.uncc.MaintainMate;
				PRODUCT_NAME = "$(TARGET_NAME)";
				SWIFT_EMIT_LOC_STRINGS = YES;
				SWIFT_VERSION = 5.0;
				TARGETED_DEVICE_FAMILY = "1,2";
			};
			name = Release;
		};
/* End XCBuildConfiguration section */

/* Begin XCConfigurationList section */
		0E1ABAA32B7AAEA1000D8194 /* Build configuration list for PBXProject "MaintainMate" */ = {
			isa = XCConfigurationList;
			buildConfigurations = (
				0E1ABABA2B7AAEA3000D8194 /* Debug */,
				0E1ABABB2B7AAEA3000D8194 /* Release */,
			);
			defaultConfigurationIsVisible = 0;
			defaultConfigurationName = Release;
		};
		0E1ABABC2B7AAEA3000D8194 /* Build configuration list for PBXNativeTarget "MaintainMate" */ = {
			isa = XCConfigurationList;
			buildConfigurations = (
				0E1ABABD2B7AAEA3000D8194 /* Debug */,
				0E1ABABE2B7AAEA3000D8194 /* Release */,
			);
			defaultConfigurationIsVisible = 0;
			defaultConfigurationName = Release;
		};
/* End XCConfigurationList section */
	};
	rootObject = 0E1ABAA02B7AAEA1000D8194 /* Project object */;
}
